{"filter":false,"title":"Gemfile.lock","tooltip":"/sinatra-pictweet/Gemfile.lock","undoManager":{"mark":-1,"position":-1,"stack":[]},"ace":{"folds":[],"scrolltop":802.5,"scrollleft":0,"selection":{"start":{"row":0,"column":0},"end":{"row":0,"column":0},"isBackwards":false},"options":{"guessTabSize":true,"useWrapMode":false,"wrapToView":true},"firstLineState":{"row":49,"state":"start","mode":"ace/mode/text"}},"timestamp":1607246712397,"hash":"5fe352a30719d9455c17d7353ca6c74d5d26248a"}